
Microsoft Visual Studio Solution File, Format Version 12.00
# Visual Studio 2012
Project("{FAE04EC0-301F-11D3-BF4B-00C04F79EFBC}") = "WilksCoefficient", "WilksCoefficient\WilksCoefficient.csproj", "{1128F577-84D9-48CA-914D-4622458B6A6E}"
EndProject
Project("{FAE04EC0-301F-11D3-BF4B-00C04F79EFBC}") = "WilksCoefficientTests", "WilksCoefficientTests\WilksCoefficientTests.csproj", "{E9DE8B69-B93F-4601-ABD0-ACDC37DDBB15}"
EndProject
Global
	GlobalSection(SolutionConfigurationPlatforms) = preSolution
		Debug|Any CPU = Debug|Any CPU
		Release|Any CPU = Release|Any CPU
	EndGlobalSection
	GlobalSection(ProjectConfigurationPlatforms) = postSolution
		{1128F577-84D9-48CA-914D-4622458B6A6E}.Debug|Any CPU.ActiveCfg = Debug|Any CPU
		{1128F577-84D9-48CA-914D-4622458B6A6E}.Debug|Any CPU.Build.0 = Debug|Any CPU
		{1128F577-84D9-48CA-914D-4622458B6A6E}.Release|Any CPU.ActiveCfg = Release|Any CPU
		{1128F577-84D9-48CA-914D-4622458B6A6E}.Release|Any CPU.Build.0 = Release|Any CPU
		{E9DE8B69-B93F-4601-ABD0-ACDC37DDBB15}.Debug|Any CPU.ActiveCfg = Debug|Any CPU
		{E9DE8B69-B93F-4601-ABD0-ACDC37DDBB15}.Debug|Any CPU.Build.0 = Debug|Any CPU
		{E9DE8B69-B93F-4601-ABD0-ACDC37DDBB15}.Release|Any CPU.ActiveCfg = Release|Any CPU
		{E9DE8B69-B93F-4601-ABD0-ACDC37DDBB15}.Release|Any CPU.Build.0 = Release|Any CPU
	EndGlobalSection
	GlobalSection(SolutionProperties) = preSolution
		HideSolutionNode = FALSE
	EndGlobalSection
EndGlobal
